// !$*UTF8*$!
{
	archiveVersion = 1;
	classes = {
	};
	objectVersion = 46;
	objects = {

/* Begin PBXBuildFile section */
		5423E44C16D6AB21001E6EA6 /* AudioToolbox.framework in Frameworks */ = {isa = PBXBuildFile; fileRef = 5423E44B16D6AB21001E6EA6 /* AudioToolbox.framework */; };
		543121B416E917B1001B9A26 /* AudioTourViewController.m in Sources */ = {isa = PBXBuildFile; fileRef = 543121B316E917B1001B9A26 /* AudioTourViewController.m */; };
		543121B716E9189C001B9A26 /* WinnersViewController.m in Sources */ = {isa = PBXBuildFile; fileRef = 543121B616E9189C001B9A26 /* WinnersViewController.m */; };
		5434956316F809BE00BE0B98 /* ConservationViewController.m in Sources */ = {isa = PBXBuildFile; fileRef = 5434956216F809BE00BE0B98 /* ConservationViewController.m */; };
		5434958216F8162E00BE0B98 /* 001.wav in Resources */ = {isa = PBXBuildFile; fileRef = 5434956816F8162E00BE0B98 /* 001.wav */; };
		5434958316F8162E00BE0B98 /* 002.wav in Resources */ = {isa = PBXBuildFile; fileRef = 5434956916F8162E00BE0B98 /* 002.wav */; };
		5434958416F8162E00BE0B98 /* 003.wav in Resources */ = {isa = PBXBuildFile; fileRef = 5434956A16F8162E00BE0B98 /* 003.wav */; };
		5434958516F8162E00BE0B98 /* 004.wav in Resources */ = {isa = PBXBuildFile; fileRef = 5434956B16F8162E00BE0B98 /* 004.wav */; };
		5434958616F8162E00BE0B98 /* 005.wav in Resources */ = {isa = PBXBuildFile; fileRef = 5434956C16F8162E00BE0B98 /* 005.wav */; };
		5434958716F8162E00BE0B98 /* 006.wav in Resources */ = {isa = PBXBuildFile; fileRef = 5434956D16F8162E00BE0B98 /* 006.wav */; };
		5434958816F8162E00BE0B98 /* 007.wav in Resources */ = {isa = PBXBuildFile; fileRef = 5434956E16F8162E00BE0B98 /* 007.wav */; };
		5434958916F8162E00BE0B98 /* 008.wav in Resources */ = {isa = PBXBuildFile; fileRef = 5434956F16F8162E00BE0B98 /* 008.wav */; };
		5434958A16F8162E00BE0B98 /* 009.wav in Resources */ = {isa = PBXBuildFile; fileRef = 5434957016F8162E00BE0B98 /* 009.wav */; };
		5434958B16F8162E00BE0B98 /* 010.wav in Resources */ = {isa = PBXBuildFile; fileRef = 5434957116F8162E00BE0B98 /* 010.wav */; };
		5434958C16F8162E00BE0B98 /* 0100.wav in Resources */ = {isa = PBXBuildFile; fileRef = 5434957216F8162E00BE0B98 /* 0100.wav */; };
		5434958D16F8162E00BE0B98 /* 011.wav in Resources */ = {isa = PBXBuildFile; fileRef = 5434957316F8162E00BE0B98 /* 011.wav */; };
		5434958E16F8162E00BE0B98 /* 0111.wav in Resources */ = {isa = PBXBuildFile; fileRef = 5434957416F8162E00BE0B98 /* 0111.wav */; };
		5434958F16F8162E00BE0B98 /* 0112.wav in Resources */ = {isa = PBXBuildFile; fileRef = 5434957516F8162E00BE0B98 /* 0112.wav */; };
		5434959016F8162E00BE0B98 /* 012.wav in Resources */ = {isa = PBXBuildFile; fileRef = 5434957616F8162E00BE0B98 /* 012.wav */; };
		5434959116F8162E00BE0B98 /* 0121.wav in Resources */ = {isa = PBXBuildFile; fileRef = 5434957716F8162E00BE0B98 /* 0121.wav */; };
		5434959216F8162E00BE0B98 /* 013.wav in Resources */ = {isa = PBXBuildFile; fileRef = 5434957816F8162E00BE0B98 /* 013.wav */; };
		5434959316F8162E00BE0B98 /* 014.wav in Resources */ = {isa = PBXBuildFile; fileRef = 5434957916F8162E00BE0B98 /* 014.wav */; };
		5434959416F8162E00BE0B98 /* 0141.wav in Resources */ = {isa = PBXBuildFile; fileRef = 5434957A16F8162E00BE0B98 /* 0141.wav */; };
		5434959516F8162E00BE0B98 /* 015.wav in Resources */ = {isa = PBXBuildFile; fileRef = 5434957B16F8162E00BE0B98 /* 015.wav */; };
		5434959616F8162E00BE0B98 /* 016.wav in Resources */ = {isa = PBXBuildFile; fileRef = 5434957C16F8162E00BE0B98 /* 016.wav */; };
		5434959716F8162E00BE0B98 /* 0161.wav in Resources */ = {isa = PBXBuildFile; fileRef = 5434957D16F8162E00BE0B98 /* 0161.wav */; };
		5434959816F8162E00BE0B98 /* 017.wav in Resources */ = {isa = PBXBuildFile; fileRef = 5434957E16F8162E00BE0B98 /* 017.wav */; };
		5434959916F8162E00BE0B98 /* 031.wav in Resources */ = {isa = PBXBuildFile; fileRef = 5434957F16F8162E00BE0B98 /* 031.wav */; };
		5434959A16F8162E00BE0B98 /* 071.wav in Resources */ = {isa = PBXBuildFile; fileRef = 5434958016F8162E00BE0B98 /* 071.wav */; };
		5434959B16F8162E00BE0B98 /* 081.wav in Resources */ = {isa = PBXBuildFile; fileRef = 5434958116F8162E00BE0B98 /* 081.wav */; };
		546A058316DFC9D3009E488F /* Security.framework in Frameworks */ = {isa = PBXBuildFile; fileRef = 546A058216DFC9D3009E488F /* Security.framework */; };
		546A058516DFC9DA009E488F /* QuartzCore.framework in Frameworks */ = {isa = PBXBuildFile; fileRef = 546A058416DFC9DA009E488F /* QuartzCore.framework */; };
		54C1D63F16E6472A009C2C52 /* AVFoundation.framework in Frameworks */ = {isa = PBXBuildFile; fileRef = 54C1D63E16E6472A009C2C52 /* AVFoundation.framework */; };
		54C2E6991700CF0000C0FA33 /* SingleEffortViewController.m in Sources */ = {isa = PBXBuildFile; fileRef = 54C2E6981700CF0000C0FA33 /* SingleEffortViewController.m */; };
		54F2001816D2E4B3001121DA /* UIKit.framework in Frameworks */ = {isa = PBXBuildFile; fileRef = 54F2001716D2E4B3001121DA /* UIKit.framework */; };
		54F2001A16D2E4B3001121DA /* Foundation.framework in Frameworks */ = {isa = PBXBuildFile; fileRef = 54F2001916D2E4B3001121DA /* Foundation.framework */; };
		54F2001C16D2E4B3001121DA /* CoreGraphics.framework in Frameworks */ = {isa = PBXBuildFile; fileRef = 54F2001B16D2E4B3001121DA /* CoreGraphics.framework */; };
		54F2002216D2E4B3001121DA /* InfoPlist.strings in Resources */ = {isa = PBXBuildFile; fileRef = 54F2002016D2E4B3001121DA /* InfoPlist.strings */; };
		54F2002416D2E4B3001121DA /* main.m in Sources */ = {isa = PBXBuildFile; fileRef = 54F2002316D2E4B3001121DA /* main.m */; };
		54F2002816D2E4B3001121DA /* AppDelegate.m in Sources */ = {isa = PBXBuildFile; fileRef = 54F2002716D2E4B3001121DA /* AppDelegate.m */; };
		54F2002A16D2E4B3001121DA /* Default.png in Resources */ = {isa = PBXBuildFile; fileRef = 54F2002916D2E4B3001121DA /* Default.png */; };
		54F2002C16D2E4B3001121DA /* Default@2x.png in Resources */ = {isa = PBXBuildFile; fileRef = 54F2002B16D2E4B3001121DA /* Default@2x.png */; };
		54F2002E16D2E4B3001121DA /* Default-568h@2x.png in Resources */ = {isa = PBXBuildFile; fileRef = 54F2002D16D2E4B3001121DA /* Default-568h@2x.png */; };
		54F2003116D2E4B3001121DA /* MainStoryboard_iPhone.storyboard in Resources */ = {isa = PBXBuildFile; fileRef = 54F2002F16D2E4B3001121DA /* MainStoryboard_iPhone.storyboard */; };
		54F2003416D2E4B3001121DA /* MainStoryboard_iPad.storyboard in Resources */ = {isa = PBXBuildFile; fileRef = 54F2003216D2E4B3001121DA /* MainStoryboard_iPad.storyboard */; };
		54F2003716D2E4B3001121DA /* ViewController.m in Sources */ = {isa = PBXBuildFile; fileRef = 54F2003616D2E4B3001121DA /* ViewController.m */; };
		54FBE0AD16E14624008C0B93 /* SystemConfiguration.framework in Frameworks */ = {isa = PBXBuildFile; fileRef = 54FBE0AC16E14624008C0B93 /* SystemConfiguration.framework */; };
		54FBE0B116E14F26008C0B93 /* CFNetwork.framework in Frameworks */ = {isa = PBXBuildFile; fileRef = 54FBE0B016E14F26008C0B93 /* CFNetwork.framework */; };
		54FECFA816E675F800E52E31 /* AudioPlayerViewController.m in Sources */ = {isa = PBXBuildFile; fileRef = 54FECFA716E675F800E52E31 /* AudioPlayerViewController.m */; };
		D945BE4416DF04EA005F6164 /* logo.png in Resources */ = {isa = PBXBuildFile; fileRef = D945BE4316DF04EA005F6164 /* logo.png */; };
/* End PBXBuildFile section */

/* Begin PBXFileReference section */
		5423E44B16D6AB21001E6EA6 /* AudioToolbox.framework */ = {isa = PBXFileReference; lastKnownFileType = wrapper.framework; name = AudioToolbox.framework; path = System/Library/Frameworks/AudioToolbox.framework; sourceTree = SDKROOT; };
		543121B216E917B1001B9A26 /* AudioTourViewController.h */ = {isa = PBXFileReference; fileEncoding = 4; lastKnownFileType = sourcecode.c.h; path = AudioTourViewController.h; sourceTree = "<group>"; };
		543121B316E917B1001B9A26 /* AudioTourViewController.m */ = {isa = PBXFileReference; fileEncoding = 4; lastKnownFileType = sourcecode.c.objc; path = AudioTourViewController.m; sourceTree = "<group>"; };
		543121B516E9189C001B9A26 /* WinnersViewController.h */ = {isa = PBXFileReference; fileEncoding = 4; lastKnownFileType = sourcecode.c.h; path = WinnersViewController.h; sourceTree = "<group>"; };
		543121B616E9189C001B9A26 /* WinnersViewController.m */ = {isa = PBXFileReference; fileEncoding = 4; lastKnownFileType = sourcecode.c.objc; path = WinnersViewController.m; sourceTree = "<group>"; };
		5434956116F809BE00BE0B98 /* ConservationViewController.h */ = {isa = PBXFileReference; fileEncoding = 4; lastKnownFileType = sourcecode.c.h; path = ConservationViewController.h; sourceTree = "<group>"; };
		5434956216F809BE00BE0B98 /* ConservationViewController.m */ = {isa = PBXFileReference; fileEncoding = 4; lastKnownFileType = sourcecode.c.objc; path = ConservationViewController.m; sourceTree = "<group>"; };
		5434956816F8162E00BE0B98 /* 001.wav */ = {isa = PBXFileReference; lastKnownFileType = audio.wav; name = 001.wav; path = ../Audio/001.wav; sourceTree = "<group>"; };
		5434956916F8162E00BE0B98 /* 002.wav */ = {isa = PBXFileReference; lastKnownFileType = audio.wav; name = 002.wav; path = ../Audio/002.wav; sourceTree = "<group>"; };
		5434956A16F8162E00BE0B98 /* 003.wav */ = {isa = PBXFileReference; lastKnownFileType = audio.wav; name = 003.wav; path = ../Audio/003.wav; sourceTree = "<group>"; };
		5434956B16F8162E00BE0B98 /* 004.wav */ = {isa = PBXFileReference; lastKnownFileType = audio.wav; name = 004.wav; path = ../Audio/004.wav; sourceTree = "<group>"; };
		5434956C16F8162E00BE0B98 /* 005.wav */ = {isa = PBXFileReference; lastKnownFileType = audio.wav; name = 005.wav; path = ../Audio/005.wav; sourceTree = "<group>"; };
		5434956D16F8162E00BE0B98 /* 006.wav */ = {isa = PBXFileReference; lastKnownFileType = audio.wav; name = 006.wav; path = ../Audio/006.wav; sourceTree = "<group>"; };
		5434956E16F8162E00BE0B98 /* 007.wav */ = {isa = PBXFileReference; lastKnownFileType = audio.wav; name = 007.wav; path = ../Audio/007.wav; sourceTree = "<group>"; };
		5434956F16F8162E00BE0B98 /* 008.wav */ = {isa = PBXFileReference; lastKnownFileType = audio.wav; name = 008.wav; path = ../Audio/008.wav; sourceTree = "<group>"; };
		5434957016F8162E00BE0B98 /* 009.wav */ = {isa = PBXFileReference; lastKnownFileType = audio.wav; name = 009.wav; path = ../Audio/009.wav; sourceTree = "<group>"; };
		5434957116F8162E00BE0B98 /* 010.wav */ = {isa = PBXFileReference; lastKnownFileType = audio.wav; name = 010.wav; path = ../Audio/010.wav; sourceTree = "<group>"; };
		5434957216F8162E00BE0B98 /* 0100.wav */ = {isa = PBXFileReference; lastKnownFileType = audio.wav; name = 0100.wav; path = ../Audio/0100.wav; sourceTree = "<group>"; };
		5434957316F8162E00BE0B98 /* 011.wav */ = {isa = PBXFileReference; lastKnownFileType = audio.wav; name = 011.wav; path = ../Audio/011.wav; sourceTree = "<group>"; };
		5434957416F8162E00BE0B98 /* 0111.wav */ = {isa = PBXFileReference; lastKnownFileType = audio.wav; name = 0111.wav; path = ../Audio/0111.wav; sourceTree = "<group>"; };
		5434957516F8162E00BE0B98 /* 0112.wav */ = {isa = PBXFileReference; lastKnownFileType = audio.wav; name = 0112.wav; path = ../Audio/0112.wav; sourceTree = "<group>"; };
		5434957616F8162E00BE0B98 /* 012.wav */ = {isa = PBXFileReference; lastKnownFileType = audio.wav; name = 012.wav; path = ../Audio/012.wav; sourceTree = "<group>"; };
		5434957716F8162E00BE0B98 /* 0121.wav */ = {isa = PBXFileReference; lastKnownFileType = audio.wav; name = 0121.wav; path = ../Audio/0121.wav; sourceTree = "<group>"; };
		5434957816F8162E00BE0B98 /* 013.wav */ = {isa = PBXFileReference; lastKnownFileType = audio.wav; name = 013.wav; path = ../Audio/013.wav; sourceTree = "<group>"; };
		5434957916F8162E00BE0B98 /* 014.wav */ = {isa = PBXFileReference; lastKnownFileType = audio.wav; name = 014.wav; path = ../Audio/014.wav; sourceTree = "<group>"; };
		5434957A16F8162E00BE0B98 /* 0141.wav */ = {isa = PBXFileReference; lastKnownFileType = audio.wav; name = 0141.wav; path = ../Audio/0141.wav; sourceTree = "<group>"; };
		5434957B16F8162E00BE0B98 /* 015.wav */ = {isa = PBXFileReference; lastKnownFileType = audio.wav; name = 015.wav; path = ../Audio/015.wav; sourceTree = "<group>"; };
		5434957C16F8162E00BE0B98 /* 016.wav */ = {isa = PBXFileReference; lastKnownFileType = audio.wav; name = 016.wav; path = ../Audio/016.wav; sourceTree = "<group>"; };
		5434957D16F8162E00BE0B98 /* 0161.wav */ = {isa = PBXFileReference; lastKnownFileType = audio.wav; name = 0161.wav; path = ../Audio/0161.wav; sourceTree = "<group>"; };
		5434957E16F8162E00BE0B98 /* 017.wav */ = {isa = PBXFileReference; lastKnownFileType = audio.wav; name = 017.wav; path = ../Audio/017.wav; sourceTree = "<group>"; };
		5434957F16F8162E00BE0B98 /* 031.wav */ = {isa = PBXFileReference; lastKnownFileType = audio.wav; name = 031.wav; path = ../Audio/031.wav; sourceTree = "<group>"; };
		5434958016F8162E00BE0B98 /* 071.wav */ = {isa = PBXFileReference; lastKnownFileType = audio.wav; name = 071.wav; path = ../Audio/071.wav; sourceTree = "<group>"; };
		5434958116F8162E00BE0B98 /* 081.wav */ = {isa = PBXFileReference; lastKnownFileType = audio.wav; name = 081.wav; path = ../Audio/081.wav; sourceTree = "<group>"; };
		546A058216DFC9D3009E488F /* Security.framework */ = {isa = PBXFileReference; lastKnownFileType = wrapper.framework; name = Security.framework; path = System/Library/Frameworks/Security.framework; sourceTree = SDKROOT; };
		546A058416DFC9DA009E488F /* QuartzCore.framework */ = {isa = PBXFileReference; lastKnownFileType = wrapper.framework; name = QuartzCore.framework; path = System/Library/Frameworks/QuartzCore.framework; sourceTree = SDKROOT; };
		54C1D63E16E6472A009C2C52 /* AVFoundation.framework */ = {isa = PBXFileReference; lastKnownFileType = wrapper.framework; name = AVFoundation.framework; path = System/Library/Frameworks/AVFoundation.framework; sourceTree = SDKROOT; };
		54C2E6971700CF0000C0FA33 /* SingleEffortViewController.h */ = {isa = PBXFileReference; fileEncoding = 4; lastKnownFileType = sourcecode.c.h; path = SingleEffortViewController.h; sourceTree = "<group>"; };
		54C2E6981700CF0000C0FA33 /* SingleEffortViewController.m */ = {isa = PBXFileReference; fileEncoding = 4; lastKnownFileType = sourcecode.c.objc; path = SingleEffortViewController.m; sourceTree = "<group>"; };
		54F2001416D2E4B3001121DA /* Weatherby.app */ = {isa = PBXFileReference; explicitFileType = wrapper.application; includeInIndex = 0; path = Weatherby.app; sourceTree = BUILT_PRODUCTS_DIR; };
		54F2001716D2E4B3001121DA /* UIKit.framework */ = {isa = PBXFileReference; lastKnownFileType = wrapper.framework; name = UIKit.framework; path = System/Library/Frameworks/UIKit.framework; sourceTree = SDKROOT; };
		54F2001916D2E4B3001121DA /* Foundation.framework */ = {isa = PBXFileReference; lastKnownFileType = wrapper.framework; name = Foundation.framework; path = System/Library/Frameworks/Foundation.framework; sourceTree = SDKROOT; };
		54F2001B16D2E4B3001121DA /* CoreGraphics.framework */ = {isa = PBXFileReference; lastKnownFileType = wrapper.framework; name = CoreGraphics.framework; path = System/Library/Frameworks/CoreGraphics.framework; sourceTree = SDKROOT; };
		54F2001F16D2E4B3001121DA /* Weatherby-Info.plist */ = {isa = PBXFileReference; lastKnownFileType = text.plist.xml; path = "Weatherby-Info.plist"; sourceTree = "<group>"; };
		54F2002116D2E4B3001121DA /* en */ = {isa = PBXFileReference; lastKnownFileType = text.plist.strings; name = en; path = en.lproj/InfoPlist.strings; sourceTree = "<group>"; };
		54F2002316D2E4B3001121DA /* main.m */ = {isa = PBXFileReference; lastKnownFileType = sourcecode.c.objc; path = main.m; sourceTree = "<group>"; };
		54F2002516D2E4B3001121DA /* Weatherby-Prefix.pch */ = {isa = PBXFileReference; lastKnownFileType = sourcecode.c.h; path = "Weatherby-Prefix.pch"; sourceTree = "<group>"; };
		54F2002616D2E4B3001121DA /* AppDelegate.h */ = {isa = PBXFileReference; lastKnownFileType = sourcecode.c.h; path = AppDelegate.h; sourceTree = "<group>"; };
		54F2002716D2E4B3001121DA /* AppDelegate.m */ = {isa = PBXFileReference; lastKnownFileType = sourcecode.c.objc; path = AppDelegate.m; sourceTree = "<group>"; };
		54F2002916D2E4B3001121DA /* Default.png */ = {isa = PBXFileReference; lastKnownFileType = image.png; path = Default.png; sourceTree = "<group>"; };
		54F2002B16D2E4B3001121DA /* Default@2x.png */ = {isa = PBXFileReference; lastKnownFileType = image.png; path = "Default@2x.png"; sourceTree = "<group>"; };
		54F2002D16D2E4B3001121DA /* Default-568h@2x.png */ = {isa = PBXFileReference; lastKnownFileType = image.png; path = "Default-568h@2x.png"; sourceTree = "<group>"; };
		54F2003016D2E4B3001121DA /* en */ = {isa = PBXFileReference; lastKnownFileType = file.storyboard; name = en; path = en.lproj/MainStoryboard_iPhone.storyboard; sourceTree = "<group>"; };
		54F2003316D2E4B3001121DA /* en */ = {isa = PBXFileReference; lastKnownFileType = file.storyboard; name = en; path = en.lproj/MainStoryboard_iPad.storyboard; sourceTree = "<group>"; };
		54F2003516D2E4B3001121DA /* ViewController.h */ = {isa = PBXFileReference; lastKnownFileType = sourcecode.c.h; path = ViewController.h; sourceTree = "<group>"; };
		54F2003616D2E4B3001121DA /* ViewController.m */ = {isa = PBXFileReference; lastKnownFileType = sourcecode.c.objc; path = ViewController.m; sourceTree = "<group>"; };
		54FBE0AC16E14624008C0B93 /* SystemConfiguration.framework */ = {isa = PBXFileReference; lastKnownFileType = wrapper.framework; name = SystemConfiguration.framework; path = System/Library/Frameworks/SystemConfiguration.framework; sourceTree = SDKROOT; };
		54FBE0B016E14F26008C0B93 /* CFNetwork.framework */ = {isa = PBXFileReference; lastKnownFileType = wrapper.framework; name = CFNetwork.framework; path = System/Library/Frameworks/CFNetwork.framework; sourceTree = SDKROOT; };
		54FECFA616E675F800E52E31 /* AudioPlayerViewController.h */ = {isa = PBXFileReference; fileEncoding = 4; lastKnownFileType = sourcecode.c.h; path = AudioPlayerViewController.h; sourceTree = "<group>"; };
		54FECFA716E675F800E52E31 /* AudioPlayerViewController.m */ = {isa = PBXFileReference; fileEncoding = 4; lastKnownFileType = sourcecode.c.objc; path = AudioPlayerViewController.m; sourceTree = "<group>"; };
		D945BE4316DF04EA005F6164 /* logo.png */ = {isa = PBXFileReference; lastKnownFileType = image.png; path = logo.png; sourceTree = "<group>"; };
/* End PBXFileReference section */

/* Begin PBXFrameworksBuildPhase section */
		54F2001116D2E4B3001121DA /* Frameworks */ = {
			isa = PBXFrameworksBuildPhase;
			buildActionMask = 2147483647;
			files = (
				54C1D63F16E6472A009C2C52 /* AVFoundation.framework in Frameworks */,
				54FBE0B116E14F26008C0B93 /* CFNetwork.framework in Frameworks */,
				54FBE0AD16E14624008C0B93 /* SystemConfiguration.framework in Frameworks */,
				546A058516DFC9DA009E488F /* QuartzCore.framework in Frameworks */,
				546A058316DFC9D3009E488F /* Security.framework in Frameworks */,
				5423E44C16D6AB21001E6EA6 /* AudioToolbox.framework in Frameworks */,
				54F2001816D2E4B3001121DA /* UIKit.framework in Frameworks */,
				54F2001A16D2E4B3001121DA /* Foundation.framework in Frameworks */,
				54F2001C16D2E4B3001121DA /* CoreGraphics.framework in Frameworks */,
			);
			runOnlyForDeploymentPostprocessing = 0;
		};
/* End PBXFrameworksBuildPhase section */

/* Begin PBXGroup section */
		54F2000B16D2E4B3001121DA = {
			isa = PBXGroup;
			children = (
				54F2001D16D2E4B3001121DA /* Weatherby */,
				54F2001616D2E4B3001121DA /* Frameworks */,
				54F2001516D2E4B3001121DA /* Products */,
			);
			sourceTree = "<group>";
		};
		54F2001516D2E4B3001121DA /* Products */ = {
			isa = PBXGroup;
			children = (
				54F2001416D2E4B3001121DA /* Weatherby.app */,
			);
			name = Products;
			sourceTree = "<group>";
		};
		54F2001616D2E4B3001121DA /* Frameworks */ = {
			isa = PBXGroup;
			children = (
				54C1D63E16E6472A009C2C52 /* AVFoundation.framework */,
				54FBE0B016E14F26008C0B93 /* CFNetwork.framework */,
				546A058416DFC9DA009E488F /* QuartzCore.framework */,
				546A058216DFC9D3009E488F /* Security.framework */,
				54FBE0AC16E14624008C0B93 /* SystemConfiguration.framework */,
				5423E44B16D6AB21001E6EA6 /* AudioToolbox.framework */,
				54F2001716D2E4B3001121DA /* UIKit.framework */,
				54F2001916D2E4B3001121DA /* Foundation.framework */,
				54F2001B16D2E4B3001121DA /* CoreGraphics.framework */,
			);
			name = Frameworks;
			sourceTree = "<group>";
		};
		54F2001D16D2E4B3001121DA /* Weatherby */ = {
			isa = PBXGroup;
			children = (
				54F2002616D2E4B3001121DA /* AppDelegate.h */,
				54F2002716D2E4B3001121DA /* AppDelegate.m */,
				54F2002F16D2E4B3001121DA /* MainStoryboard_iPhone.storyboard */,
				54F2003216D2E4B3001121DA /* MainStoryboard_iPad.storyboard */,
				54F2003516D2E4B3001121DA /* ViewController.h */,
				54F2003616D2E4B3001121DA /* ViewController.m */,
				54FECFA616E675F800E52E31 /* AudioPlayerViewController.h */,
				54FECFA716E675F800E52E31 /* AudioPlayerViewController.m */,
				543121B216E917B1001B9A26 /* AudioTourViewController.h */,
				543121B316E917B1001B9A26 /* AudioTourViewController.m */,
				543121B516E9189C001B9A26 /* WinnersViewController.h */,
				543121B616E9189C001B9A26 /* WinnersViewController.m */,
				5434956116F809BE00BE0B98 /* ConservationViewController.h */,
				5434956216F809BE00BE0B98 /* ConservationViewController.m */,
				54C2E6971700CF0000C0FA33 /* SingleEffortViewController.h */,
				54C2E6981700CF0000C0FA33 /* SingleEffortViewController.m */,
				54F2001E16D2E4B3001121DA /* Supporting Files */,
			);
			path = Weatherby;
			sourceTree = "<group>";
		};
		54F2001E16D2E4B3001121DA /* Supporting Files */ = {
			isa = PBXGroup;
			children = (
				5434956816F8162E00BE0B98 /* 001.wav */,
				5434956916F8162E00BE0B98 /* 002.wav */,
				5434956A16F8162E00BE0B98 /* 003.wav */,
				5434956B16F8162E00BE0B98 /* 004.wav */,
				5434956C16F8162E00BE0B98 /* 005.wav */,
				5434956D16F8162E00BE0B98 /* 006.wav */,
				5434956E16F8162E00BE0B98 /* 007.wav */,
				5434956F16F8162E00BE0B98 /* 008.wav */,
				5434957016F8162E00BE0B98 /* 009.wav */,
				5434957116F8162E00BE0B98 /* 010.wav */,
				5434957316F8162E00BE0B98 /* 011.wav */,
				5434957616F8162E00BE0B98 /* 012.wav */,
				5434957816F8162E00BE0B98 /* 013.wav */,
				5434957916F8162E00BE0B98 /* 014.wav */,
				5434957B16F8162E00BE0B98 /* 015.wav */,
				5434957C16F8162E00BE0B98 /* 016.wav */,
				5434957E16F8162E00BE0B98 /* 017.wav */,
				5434957F16F8162E00BE0B98 /* 031.wav */,
				5434958016F8162E00BE0B98 /* 071.wav */,
				5434958116F8162E00BE0B98 /* 081.wav */,
				5434957216F8162E00BE0B98 /* 0100.wav */,
				5434957416F8162E00BE0B98 /* 0111.wav */,
				5434957516F8162E00BE0B98 /* 0112.wav */,
				5434957716F8162E00BE0B98 /* 0121.wav */,
				5434957A16F8162E00BE0B98 /* 0141.wav */,
				5434957D16F8162E00BE0B98 /* 0161.wav */,
				D945BE4316DF04EA005F6164 /* logo.png */,
				54F2001F16D2E4B3001121DA /* Weatherby-Info.plist */,
				54F2002016D2E4B3001121DA /* InfoPlist.strings */,
				54F2002316D2E4B3001121DA /* main.m */,
				54F2002516D2E4B3001121DA /* Weatherby-Prefix.pch */,
				54F2002916D2E4B3001121DA /* Default.png */,
				54F2002B16D2E4B3001121DA /* Default@2x.png */,
				54F2002D16D2E4B3001121DA /* Default-568h@2x.png */,
			);
			name = "Supporting Files";
			sourceTree = "<group>";
		};
/* End PBXGroup section */

/* Begin PBXNativeTarget section */
		54F2001316D2E4B3001121DA /* Weatherby */ = {
			isa = PBXNativeTarget;
			buildConfigurationList = 54F2003A16D2E4B3001121DA /* Build configuration list for PBXNativeTarget "Weatherby" */;
			buildPhases = (
				54F2001016D2E4B3001121DA /* Sources */,
				54F2001116D2E4B3001121DA /* Frameworks */,
				54F2001216D2E4B3001121DA /* Resources */,
			);
			buildRules = (
			);
			dependencies = (
			);
			name = Weatherby;
			productName = Weatherby;
			productReference = 54F2001416D2E4B3001121DA /* Weatherby.app */;
			productType = "com.apple.product-type.application";
		};
/* End PBXNativeTarget section */

/* Begin PBXProject section */
		54F2000C16D2E4B3001121DA /* Project object */ = {
			isa = PBXProject;
			attributes = {
				LastUpgradeCheck = 0460;
				ORGANIZATIONNAME = "Weatherby Foundation";
			};
			buildConfigurationList = 54F2000F16D2E4B3001121DA /* Build configuration list for PBXProject "Weatherby" */;
			compatibilityVersion = "Xcode 3.2";
			developmentRegion = English;
			hasScannedForEncodings = 0;
			knownRegions = (
				en,
			);
			mainGroup = 54F2000B16D2E4B3001121DA;
			productRefGroup = 54F2001516D2E4B3001121DA /* Products */;
			projectDirPath = "";
			projectRoot = "";
			targets = (
				54F2001316D2E4B3001121DA /* Weatherby */,
			);
		};
/* End PBXProject section */

/* Begin PBXResourcesBuildPhase section */
		54F2001216D2E4B3001121DA /* Resources */ = {
			isa = PBXResourcesBuildPhase;
			buildActionMask = 2147483647;
			files = (
				54F2002216D2E4B3001121DA /* InfoPlist.strings in Resources */,
				54F2002A16D2E4B3001121DA /* Default.png in Resources */,
				54F2002C16D2E4B3001121DA /* Default@2x.png in Resources */,
				54F2002E16D2E4B3001121DA /* Default-568h@2x.png in Resources */,
				54F2003116D2E4B3001121DA /* MainStoryboard_iPhone.storyboard in Resources */,
				54F2003416D2E4B3001121DA /* MainStoryboard_iPad.storyboard in Resources */,
				D945BE4416DF04EA005F6164 /* logo.png in Resources */,
				5434958216F8162E00BE0B98 /* 001.wav in Resources */,
				5434958316F8162E00BE0B98 /* 002.wav in Resources */,
				5434958416F8162E00BE0B98 /* 003.wav in Resources */,
				5434958516F8162E00BE0B98 /* 004.wav in Resources */,
				5434958616F8162E00BE0B98 /* 005.wav in Resources */,
				5434958716F8162E00BE0B98 /* 006.wav in Resources */,
				5434958816F8162E00BE0B98 /* 007.wav in Resources */,
				5434958916F8162E00BE0B98 /* 008.wav in Resources */,
				5434958A16F8162E00BE0B98 /* 009.wav in Resources */,
				5434958B16F8162E00BE0B98 /* 010.wav in Resources */,
				5434958C16F8162E00BE0B98 /* 0100.wav in Resources */,
				5434958D16F8162E00BE0B98 /* 011.wav in Resources */,
				5434958E16F8162E00BE0B98 /* 0111.wav in Resources */,
				5434958F16F8162E00BE0B98 /* 0112.wav in Resources */,
				5434959016F8162E00BE0B98 /* 012.wav in Resources */,
				5434959116F8162E00BE0B98 /* 0121.wav in Resources */,
				5434959216F8162E00BE0B98 /* 013.wav in Resources */,
				5434959316F8162E00BE0B98 /* 014.wav in Resources */,
				5434959416F8162E00BE0B98 /* 0141.wav in Resources */,
				5434959516F8162E00BE0B98 /* 015.wav in Resources */,
				5434959616F8162E00BE0B98 /* 016.wav in Resources */,
				5434959716F8162E00BE0B98 /* 0161.wav in Resources */,
				5434959816F8162E00BE0B98 /* 017.wav in Resources */,
				5434959916F8162E00BE0B98 /* 031.wav in Resources */,
				5434959A16F8162E00BE0B98 /* 071.wav in Resources */,
				5434959B16F8162E00BE0B98 /* 081.wav in Resources */,
			);
			runOnlyForDeploymentPostprocessing = 0;
		};
/* End PBXResourcesBuildPhase section */

/* Begin PBXSourcesBuildPhase section */
		54F2001016D2E4B3001121DA /* Sources */ = {
			isa = PBXSourcesBuildPhase;
			buildActionMask = 2147483647;
			files = (
				54F2002416D2E4B3001121DA /* main.m in Sources */,
				54F2002816D2E4B3001121DA /* AppDelegate.m in Sources */,
				54F2003716D2E4B3001121DA /* ViewController.m in Sources */,
				54FECFA816E675F800E52E31 /* AudioPlayerViewController.m in Sources */,
				543121B416E917B1001B9A26 /* AudioTourViewController.m in Sources */,
				543121B716E9189C001B9A26 /* WinnersViewController.m in Sources */,
				5434956316F809BE00BE0B98 /* ConservationViewController.m in Sources */,
				54C2E6991700CF0000C0FA33 /* SingleEffortViewController.m in Sources */,
			);
			runOnlyForDeploymentPostprocessing = 0;
		};
/* End PBXSourcesBuildPhase section */

/* Begin PBXVariantGroup section */
		54F2002016D2E4B3001121DA /* InfoPlist.strings */ = {
			isa = PBXVariantGroup;
			children = (
				54F2002116D2E4B3001121DA /* en */,
			);
			name = InfoPlist.strings;
			sourceTree = "<group>";
		};
		54F2002F16D2E4B3001121DA /* MainStoryboard_iPhone.storyboard */ = {
			isa = PBXVariantGroup;
			children = (
				54F2003016D2E4B3001121DA /* en */,
			);
			name = MainStoryboard_iPhone.storyboard;
			sourceTree = "<group>";
		};
		54F2003216D2E4B3001121DA /* MainStoryboard_iPad.storyboard */ = {
			isa = PBXVariantGroup;
			children = (
				54F2003316D2E4B3001121DA /* en */,
			);
			name = MainStoryboard_iPad.storyboard;
			sourceTree = "<group>";
		};
/* End PBXVariantGroup section */

/* Begin XCBuildConfiguration section */
		54F2003816D2E4B3001121DA /* Debug */ = {
			isa = XCBuildConfiguration;
			buildSettings = {
				ALWAYS_SEARCH_USER_PATHS = NO;
				CLANG_CXX_LANGUAGE_STANDARD = "gnu++0x";
				CLANG_CXX_LIBRARY = "libc++";
				CLANG_ENABLE_OBJC_ARC = YES;
				CLANG_WARN_CONSTANT_CONVERSION = YES;
				CLANG_WARN_EMPTY_BODY = YES;
				CLANG_WARN_ENUM_CONVERSION = YES;
				CLANG_WARN_INT_CONVERSION = YES;
				CLANG_WARN__DUPLICATE_METHOD_MATCH = YES;
				"CODE_SIGN_IDENTITY[sdk=iphoneos*]" = "iPhone Developer";
				COPY_PHASE_STRIP = NO;
				GCC_C_LANGUAGE_STANDARD = gnu99;
				GCC_DYNAMIC_NO_PIC = NO;
				GCC_OPTIMIZATION_LEVEL = 0;
				GCC_PREPROCESSOR_DEFINITIONS = (
					"DEBUG=1",
					"$(inherited)",
				);
				GCC_SYMBOLS_PRIVATE_EXTERN = NO;
				GCC_WARN_ABOUT_RETURN_TYPE = YES;
				GCC_WARN_UNINITIALIZED_AUTOS = YES;
				GCC_WARN_UNUSED_VARIABLE = YES;
				IPHONEOS_DEPLOYMENT_TARGET = 6.1;
				ONLY_ACTIVE_ARCH = YES;
				SDKROOT = iphoneos;
				TARGETED_DEVICE_FAMILY = "1,2";
			};
			name = Debug;
		};
		54F2003916D2E4B3001121DA /* Release */ = {
			isa = XCBuildConfiguration;
			buildSettings = {
				ALWAYS_SEARCH_USER_PATHS = NO;
				CLANG_CXX_LANGUAGE_STANDARD = "gnu++0x";
				CLANG_CXX_LIBRARY = "libc++";
				CLANG_ENABLE_OBJC_ARC = YES;
				CLANG_WARN_CONSTANT_CONVERSION = YES;
				CLANG_WARN_EMPTY_BODY = YES;
				CLANG_WARN_ENUM_CONVERSION = YES;
				CLANG_WARN_INT_CONVERSION = YES;
				CLANG_WARN__DUPLICATE_METHOD_MATCH = YES;
				"CODE_SIGN_IDENTITY[sdk=iphoneos*]" = "iPhone Developer";
				COPY_PHASE_STRIP = YES;
				GCC_C_LANGUAGE_STANDARD = gnu99;
				GCC_WARN_ABOUT_RETURN_TYPE = YES;
				GCC_WARN_UNINITIALIZED_AUTOS = YES;
				GCC_WARN_UNUSED_VARIABLE = YES;
				IPHONEOS_DEPLOYMENT_TARGET = 6.1;
				OTHER_CFLAGS = "-DNS_BLOCK_ASSERTIONS=1";
				SDKROOT = iphoneos;
				TARGETED_DEVICE_FAMILY = "1,2";
				VALIDATE_PRODUCT = YES;
			};
			name = Release;
		};
		54F2003B16D2E4B3001121DA /* Debug */ = {
			isa = XCBuildConfiguration;
			buildSettings = {
				FRAMEWORK_SEARCH_PATHS = (
					"$(inherited)",
					"\"$(SRCROOT)/lib/dropbox-ios-sdk-1.3.3\"",
				);
				GCC_PRECOMPILE_PREFIX_HEADER = YES;
				GCC_PREFIX_HEADER = "Weatherby/Weatherby-Prefix.pch";
				INFOPLIST_FILE = "Weatherby/Weatherby-Info.plist";
				PRODUCT_NAME = "$(TARGET_NAME)";
				WRAPPER_EXTENSION = app;
			};
			name = Debug;
		};
		54F2003C16D2E4B3001121DA /* Release */ = {
			isa = XCBuildConfiguration;
			buildSettings = {
				FRAMEWORK_SEARCH_PATHS = (
					"$(inherited)",
					"\"$(SRCROOT)/lib/dropbox-ios-sdk-1.3.3\"",
				);
				GCC_PRECOMPILE_PREFIX_HEADER = YES;
				GCC_PREFIX_HEADER = "Weatherby/Weatherby-Prefix.pch";
				INFOPLIST_FILE = "Weatherby/Weatherby-Info.plist";
				PRODUCT_NAME = "$(TARGET_NAME)";
				WRAPPER_EXTENSION = app;
			};
			name = Release;
		};
/* End XCBuildConfiguration section */

/* Begin XCConfigurationList section */
		54F2000F16D2E4B3001121DA /* Build configuration list for PBXProject "Weatherby" */ = {
			isa = XCConfigurationList;
			buildConfigurations = (
				54F2003816D2E4B3001121DA /* Debug */,
				54F2003916D2E4B3001121DA /* Release */,
			);
			defaultConfigurationIsVisible = 0;
			defaultConfigurationName = Release;
		};
		54F2003A16D2E4B3001121DA /* Build configuration list for PBXNativeTarget "Weatherby" */ = {
			isa = XCConfigurationList;
			buildConfigurations = (
				54F2003B16D2E4B3001121DA /* Debug */,
				54F2003C16D2E4B3001121DA /* Release */,
			);
			defaultConfigurationIsVisible = 0;
			defaultConfigurationName = Release;
		};
/* End XCConfigurationList section */
	};
	rootObject = 54F2000C16D2E4B3001121DA /* Project object */;
}
