// !$*UTF8*$!
{
	archiveVersion = 1;
	classes = {
	};
	objectVersion = 46;
	objects = {

/* Begin PBXBuildFile section */
		5423E44C16D6AB21001E6EA6 /* AudioToolbox.framework in Frameworks */ = {isa = PBXBuildFile; fileRef = 5423E44B16D6AB21001E6EA6 /* AudioToolbox.framework */; };
		543121B416E917B1001B9A26 /* AudioTourViewController.m in Sources */ = {isa = PBXBuildFile; fileRef = 543121B316E917B1001B9A26 /* AudioTourViewController.m */; };
		543121B716E9189C001B9A26 /* WinnersViewController.m in Sources */ = {isa = PBXBuildFile; fileRef = 543121B616E9189C001B9A26 /* WinnersViewController.m */; };
		546A058316DFC9D3009E488F /* Security.framework in Frameworks */ = {isa = PBXBuildFile; fileRef = 546A058216DFC9D3009E488F /* Security.framework */; };
		546A058516DFC9DA009E488F /* QuartzCore.framework in Frameworks */ = {isa = PBXBuildFile; fileRef = 546A058416DFC9DA009E488F /* QuartzCore.framework */; };
		5492B11416E3DB85001DFCBB /* DropboxSDK.framework in Frameworks */ = {isa = PBXBuildFile; fileRef = 5492B11316E3DB85001DFCBB /* DropboxSDK.framework */; };
		54C1D63F16E6472A009C2C52 /* AVFoundation.framework in Frameworks */ = {isa = PBXBuildFile; fileRef = 54C1D63E16E6472A009C2C52 /* AVFoundation.framework */; };
		54F2001816D2E4B3001121DA /* UIKit.framework in Frameworks */ = {isa = PBXBuildFile; fileRef = 54F2001716D2E4B3001121DA /* UIKit.framework */; };
		54F2001A16D2E4B3001121DA /* Foundation.framework in Frameworks */ = {isa = PBXBuildFile; fileRef = 54F2001916D2E4B3001121DA /* Foundation.framework */; };
		54F2001C16D2E4B3001121DA /* CoreGraphics.framework in Frameworks */ = {isa = PBXBuildFile; fileRef = 54F2001B16D2E4B3001121DA /* CoreGraphics.framework */; };
		54F2002216D2E4B3001121DA /* InfoPlist.strings in Resources */ = {isa = PBXBuildFile; fileRef = 54F2002016D2E4B3001121DA /* InfoPlist.strings */; };
		54F2002416D2E4B3001121DA /* main.m in Sources */ = {isa = PBXBuildFile; fileRef = 54F2002316D2E4B3001121DA /* main.m */; };
		54F2002816D2E4B3001121DA /* AppDelegate.m in Sources */ = {isa = PBXBuildFile; fileRef = 54F2002716D2E4B3001121DA /* AppDelegate.m */; };
		54F2002A16D2E4B3001121DA /* Default.png in Resources */ = {isa = PBXBuildFile; fileRef = 54F2002916D2E4B3001121DA /* Default.png */; };
		54F2002C16D2E4B3001121DA /* Default@2x.png in Resources */ = {isa = PBXBuildFile; fileRef = 54F2002B16D2E4B3001121DA /* Default@2x.png */; };
		54F2002E16D2E4B3001121DA /* Default-568h@2x.png in Resources */ = {isa = PBXBuildFile; fileRef = 54F2002D16D2E4B3001121DA /* Default-568h@2x.png */; };
		54F2003116D2E4B3001121DA /* MainStoryboard_iPhone.storyboard in Resources */ = {isa = PBXBuildFile; fileRef = 54F2002F16D2E4B3001121DA /* MainStoryboard_iPhone.storyboard */; };
		54F2003416D2E4B3001121DA /* MainStoryboard_iPad.storyboard in Resources */ = {isa = PBXBuildFile; fileRef = 54F2003216D2E4B3001121DA /* MainStoryboard_iPad.storyboard */; };
		54F2003716D2E4B3001121DA /* ViewController.m in Sources */ = {isa = PBXBuildFile; fileRef = 54F2003616D2E4B3001121DA /* ViewController.m */; };
		54FBE0AD16E14624008C0B93 /* SystemConfiguration.framework in Frameworks */ = {isa = PBXBuildFile; fileRef = 54FBE0AC16E14624008C0B93 /* SystemConfiguration.framework */; };
		54FBE0B116E14F26008C0B93 /* CFNetwork.framework in Frameworks */ = {isa = PBXBuildFile; fileRef = 54FBE0B016E14F26008C0B93 /* CFNetwork.framework */; };
		54FECFA816E675F800E52E31 /* AudioPlayerViewController.m in Sources */ = {isa = PBXBuildFile; fileRef = 54FECFA716E675F800E52E31 /* AudioPlayerViewController.m */; };
		D945BE4416DF04EA005F6164 /* logo.png in Resources */ = {isa = PBXBuildFile; fileRef = D945BE4316DF04EA005F6164 /* logo.png */; };
/* End PBXBuildFile section */

/* Begin PBXFileReference section */
		5423E44B16D6AB21001E6EA6 /* AudioToolbox.framework */ = {isa = PBXFileReference; lastKnownFileType = wrapper.framework; name = AudioToolbox.framework; path = System/Library/Frameworks/AudioToolbox.framework; sourceTree = SDKROOT; };
		543121B216E917B1001B9A26 /* AudioTourViewController.h */ = {isa = PBXFileReference; fileEncoding = 4; lastKnownFileType = sourcecode.c.h; path = AudioTourViewController.h; sourceTree = "<group>"; };
		543121B316E917B1001B9A26 /* AudioTourViewController.m */ = {isa = PBXFileReference; fileEncoding = 4; lastKnownFileType = sourcecode.c.objc; path = AudioTourViewController.m; sourceTree = "<group>"; };
		543121B516E9189C001B9A26 /* WinnersViewController.h */ = {isa = PBXFileReference; fileEncoding = 4; lastKnownFileType = sourcecode.c.h; path = WinnersViewController.h; sourceTree = "<group>"; };
		543121B616E9189C001B9A26 /* WinnersViewController.m */ = {isa = PBXFileReference; fileEncoding = 4; lastKnownFileType = sourcecode.c.objc; path = WinnersViewController.m; sourceTree = "<group>"; };
		546A058216DFC9D3009E488F /* Security.framework */ = {isa = PBXFileReference; lastKnownFileType = wrapper.framework; name = Security.framework; path = System/Library/Frameworks/Security.framework; sourceTree = SDKROOT; };
		546A058416DFC9DA009E488F /* QuartzCore.framework */ = {isa = PBXFileReference; lastKnownFileType = wrapper.framework; name = QuartzCore.framework; path = System/Library/Frameworks/QuartzCore.framework; sourceTree = SDKROOT; };
		5492B11316E3DB85001DFCBB /* DropboxSDK.framework */ = {isa = PBXFileReference; lastKnownFileType = wrapper.framework; name = DropboxSDK.framework; path = "../../Downloads/dropbox-ios-sdk-1.3.3/DropboxSDK.framework"; sourceTree = "<group>"; };
		54C1D63E16E6472A009C2C52 /* AVFoundation.framework */ = {isa = PBXFileReference; lastKnownFileType = wrapper.framework; name = AVFoundation.framework; path = System/Library/Frameworks/AVFoundation.framework; sourceTree = SDKROOT; };
		54F2001416D2E4B3001121DA /* Weatherby.app */ = {isa = PBXFileReference; explicitFileType = wrapper.application; includeInIndex = 0; path = Weatherby.app; sourceTree = BUILT_PRODUCTS_DIR; };
		54F2001716D2E4B3001121DA /* UIKit.framework */ = {isa = PBXFileReference; lastKnownFileType = wrapper.framework; name = UIKit.framework; path = System/Library/Frameworks/UIKit.framework; sourceTree = SDKROOT; };
		54F2001916D2E4B3001121DA /* Foundation.framework */ = {isa = PBXFileReference; lastKnownFileType = wrapper.framework; name = Foundation.framework; path = System/Library/Frameworks/Foundation.framework; sourceTree = SDKROOT; };
		54F2001B16D2E4B3001121DA /* CoreGraphics.framework */ = {isa = PBXFileReference; lastKnownFileType = wrapper.framework; name = CoreGraphics.framework; path = System/Library/Frameworks/CoreGraphics.framework; sourceTree = SDKROOT; };
		54F2001F16D2E4B3001121DA /* Weatherby-Info.plist */ = {isa = PBXFileReference; lastKnownFileType = text.plist.xml; path = "Weatherby-Info.plist"; sourceTree = "<group>"; };
		54F2002116D2E4B3001121DA /* en */ = {isa = PBXFileReference; lastKnownFileType = text.plist.strings; name = en; path = en.lproj/InfoPlist.strings; sourceTree = "<group>"; };
		54F2002316D2E4B3001121DA /* main.m */ = {isa = PBXFileReference; lastKnownFileType = sourcecode.c.objc; path = main.m; sourceTree = "<group>"; };
		54F2002516D2E4B3001121DA /* Weatherby-Prefix.pch */ = {isa = PBXFileReference; lastKnownFileType = sourcecode.c.h; path = "Weatherby-Prefix.pch"; sourceTree = "<group>"; };
		54F2002616D2E4B3001121DA /* AppDelegate.h */ = {isa = PBXFileReference; lastKnownFileType = sourcecode.c.h; path = AppDelegate.h; sourceTree = "<group>"; };
		54F2002716D2E4B3001121DA /* AppDelegate.m */ = {isa = PBXFileReference; lastKnownFileType = sourcecode.c.objc; path = AppDelegate.m; sourceTree = "<group>"; };
		54F2002916D2E4B3001121DA /* Default.png */ = {isa = PBXFileReference; lastKnownFileType = image.png; path = Default.png; sourceTree = "<group>"; };
		54F2002B16D2E4B3001121DA /* Default@2x.png */ = {isa = PBXFileReference; lastKnownFileType = image.png; path = "Default@2x.png"; sourceTree = "<group>"; };
		54F2002D16D2E4B3001121DA /* Default-568h@2x.png */ = {isa = PBXFileReference; lastKnownFileType = image.png; path = "Default-568h@2x.png"; sourceTree = "<group>"; };
		54F2003016D2E4B3001121DA /* en */ = {isa = PBXFileReference; lastKnownFileType = file.storyboard; name = en; path = en.lproj/MainStoryboard_iPhone.storyboard; sourceTree = "<group>"; };
		54F2003316D2E4B3001121DA /* en */ = {isa = PBXFileReference; lastKnownFileType = file.storyboard; name = en; path = en.lproj/MainStoryboard_iPad.storyboard; sourceTree = "<group>"; };
		54F2003516D2E4B3001121DA /* ViewController.h */ = {isa = PBXFileReference; lastKnownFileType = sourcecode.c.h; path = ViewController.h; sourceTree = "<group>"; };
		54F2003616D2E4B3001121DA /* ViewController.m */ = {isa = PBXFileReference; lastKnownFileType = sourcecode.c.objc; path = ViewController.m; sourceTree = "<group>"; };
		54FBE0AC16E14624008C0B93 /* SystemConfiguration.framework */ = {isa = PBXFileReference; lastKnownFileType = wrapper.framework; name = SystemConfiguration.framework; path = System/Library/Frameworks/SystemConfiguration.framework; sourceTree = SDKROOT; };
		54FBE0B016E14F26008C0B93 /* CFNetwork.framework */ = {isa = PBXFileReference; lastKnownFileType = wrapper.framework; name = CFNetwork.framework; path = System/Library/Frameworks/CFNetwork.framework; sourceTree = SDKROOT; };
		54FECFA616E675F800E52E31 /* AudioPlayerViewController.h */ = {isa = PBXFileReference; fileEncoding = 4; lastKnownFileType = sourcecode.c.h; path = AudioPlayerViewController.h; sourceTree = "<group>"; };
		54FECFA716E675F800E52E31 /* AudioPlayerViewController.m */ = {isa = PBXFileReference; fileEncoding = 4; lastKnownFileType = sourcecode.c.objc; path = AudioPlayerViewController.m; sourceTree = "<group>"; };
		D945BE4316DF04EA005F6164 /* logo.png */ = {isa = PBXFileReference; lastKnownFileType = image.png; path = logo.png; sourceTree = "<group>"; };
/* End PBXFileReference section */

/* Begin PBXFrameworksBuildPhase section */
		54F2001116D2E4B3001121DA /* Frameworks */ = {
			isa = PBXFrameworksBuildPhase;
			buildActionMask = 2147483647;
			files = (
				54C1D63F16E6472A009C2C52 /* AVFoundation.framework in Frameworks */,
				54FBE0B116E14F26008C0B93 /* CFNetwork.framework in Frameworks */,
				54FBE0AD16E14624008C0B93 /* SystemConfiguration.framework in Frameworks */,
				546A058516DFC9DA009E488F /* QuartzCore.framework in Frameworks */,
				546A058316DFC9D3009E488F /* Security.framework in Frameworks */,
				5423E44C16D6AB21001E6EA6 /* AudioToolbox.framework in Frameworks */,
				54F2001816D2E4B3001121DA /* UIKit.framework in Frameworks */,
				54F2001A16D2E4B3001121DA /* Foundation.framework in Frameworks */,
				54F2001C16D2E4B3001121DA /* CoreGraphics.framework in Frameworks */,
				5492B11416E3DB85001DFCBB /* DropboxSDK.framework in Frameworks */,
			);
			runOnlyForDeploymentPostprocessing = 0;
		};
/* End PBXFrameworksBuildPhase section */

/* Begin PBXGroup section */
		54F2000B16D2E4B3001121DA = {
			isa = PBXGroup;
			children = (
				54F2001D16D2E4B3001121DA /* Weatherby */,
				54F2001616D2E4B3001121DA /* Frameworks */,
				54F2001516D2E4B3001121DA /* Products */,
			);
			sourceTree = "<group>";
		};
		54F2001516D2E4B3001121DA /* Products */ = {
			isa = PBXGroup;
			children = (
				54F2001416D2E4B3001121DA /* Weatherby.app */,
			);
			name = Products;
			sourceTree = "<group>";
		};
		54F2001616D2E4B3001121DA /* Frameworks */ = {
			isa = PBXGroup;
			children = (
				54C1D63E16E6472A009C2C52 /* AVFoundation.framework */,
				54FBE0B016E14F26008C0B93 /* CFNetwork.framework */,
				5492B11316E3DB85001DFCBB /* DropboxSDK.framework */,
				546A058416DFC9DA009E488F /* QuartzCore.framework */,
				546A058216DFC9D3009E488F /* Security.framework */,
				54FBE0AC16E14624008C0B93 /* SystemConfiguration.framework */,
				5423E44B16D6AB21001E6EA6 /* AudioToolbox.framework */,
				54F2001716D2E4B3001121DA /* UIKit.framework */,
				54F2001916D2E4B3001121DA /* Foundation.framework */,
				54F2001B16D2E4B3001121DA /* CoreGraphics.framework */,
			);
			name = Frameworks;
			sourceTree = "<group>";
		};
		54F2001D16D2E4B3001121DA /* Weatherby */ = {
			isa = PBXGroup;
			children = (
				54F2002616D2E4B3001121DA /* AppDelegate.h */,
				54F2002716D2E4B3001121DA /* AppDelegate.m */,
				54F2002F16D2E4B3001121DA /* MainStoryboard_iPhone.storyboard */,
				54F2003216D2E4B3001121DA /* MainStoryboard_iPad.storyboard */,
				54F2003516D2E4B3001121DA /* ViewController.h */,
				54F2003616D2E4B3001121DA /* ViewController.m */,
				54FECFA616E675F800E52E31 /* AudioPlayerViewController.h */,
				54FECFA716E675F800E52E31 /* AudioPlayerViewController.m */,
				543121B216E917B1001B9A26 /* AudioTourViewController.h */,
				543121B316E917B1001B9A26 /* AudioTourViewController.m */,
				543121B516E9189C001B9A26 /* WinnersViewController.h */,
				543121B616E9189C001B9A26 /* WinnersViewController.m */,
				54F2001E16D2E4B3001121DA /* Supporting Files */,
			);
			path = Weatherby;
			sourceTree = "<group>";
		};
		54F2001E16D2E4B3001121DA /* Supporting Files */ = {
			isa = PBXGroup;
			children = (
				D945BE4316DF04EA005F6164 /* logo.png */,
				54F2001F16D2E4B3001121DA /* Weatherby-Info.plist */,
				54F2002016D2E4B3001121DA /* InfoPlist.strings */,
				54F2002316D2E4B3001121DA /* main.m */,
				54F2002516D2E4B3001121DA /* Weatherby-Prefix.pch */,
				54F2002916D2E4B3001121DA /* Default.png */,
				54F2002B16D2E4B3001121DA /* Default@2x.png */,
				54F2002D16D2E4B3001121DA /* Default-568h@2x.png */,
			);
			name = "Supporting Files";
			sourceTree = "<group>";
		};
/* End PBXGroup section */

/* Begin PBXNativeTarget section */
		54F2001316D2E4B3001121DA /* Weatherby */ = {
			isa = PBXNativeTarget;
			buildConfigurationList = 54F2003A16D2E4B3001121DA /* Build configuration list for PBXNativeTarget "Weatherby" */;
			buildPhases = (
				54F2001016D2E4B3001121DA /* Sources */,
				54F2001116D2E4B3001121DA /* Frameworks */,
				54F2001216D2E4B3001121DA /* Resources */,
			);
			buildRules = (
			);
			dependencies = (
			);
			name = Weatherby;
			productName = Weatherby;
			productReference = 54F2001416D2E4B3001121DA /* Weatherby.app */;
			productType = "com.apple.product-type.application";
		};
/* End PBXNativeTarget section */

/* Begin PBXProject section */
		54F2000C16D2E4B3001121DA /* Project object */ = {
			isa = PBXProject;
			attributes = {
				LastUpgradeCheck = 0460;
				ORGANIZATIONNAME = "Weatherby Foundation";
			};
			buildConfigurationList = 54F2000F16D2E4B3001121DA /* Build configuration list for PBXProject "Weatherby" */;
			compatibilityVersion = "Xcode 3.2";
			developmentRegion = English;
			hasScannedForEncodings = 0;
			knownRegions = (
				en,
			);
			mainGroup = 54F2000B16D2E4B3001121DA;
			productRefGroup = 54F2001516D2E4B3001121DA /* Products */;
			projectDirPath = "";
			projectRoot = "";
			targets = (
				54F2001316D2E4B3001121DA /* Weatherby */,
			);
		};
/* End PBXProject section */

/* Begin PBXResourcesBuildPhase section */
		54F2001216D2E4B3001121DA /* Resources */ = {
			isa = PBXResourcesBuildPhase;
			buildActionMask = 2147483647;
			files = (
				54F2002216D2E4B3001121DA /* InfoPlist.strings in Resources */,
				54F2002A16D2E4B3001121DA /* Default.png in Resources */,
				54F2002C16D2E4B3001121DA /* Default@2x.png in Resources */,
				54F2002E16D2E4B3001121DA /* Default-568h@2x.png in Resources */,
				54F2003116D2E4B3001121DA /* MainStoryboard_iPhone.storyboard in Resources */,
				54F2003416D2E4B3001121DA /* MainStoryboard_iPad.storyboard in Resources */,
				D945BE4416DF04EA005F6164 /* logo.png in Resources */,
			);
			runOnlyForDeploymentPostprocessing = 0;
		};
/* End PBXResourcesBuildPhase section */

/* Begin PBXSourcesBuildPhase section */
		54F2001016D2E4B3001121DA /* Sources */ = {
			isa = PBXSourcesBuildPhase;
			buildActionMask = 2147483647;
			files = (
				54F2002416D2E4B3001121DA /* main.m in Sources */,
				54F2002816D2E4B3001121DA /* AppDelegate.m in Sources */,
				54F2003716D2E4B3001121DA /* ViewController.m in Sources */,
				54FECFA816E675F800E52E31 /* AudioPlayerViewController.m in Sources */,
				543121B416E917B1001B9A26 /* AudioTourViewController.m in Sources */,
				543121B716E9189C001B9A26 /* WinnersViewController.m in Sources */,
			);
			runOnlyForDeploymentPostprocessing = 0;
		};
/* End PBXSourcesBuildPhase section */

/* Begin PBXVariantGroup section */
		54F2002016D2E4B3001121DA /* InfoPlist.strings */ = {
			isa = PBXVariantGroup;
			children = (
				54F2002116D2E4B3001121DA /* en */,
			);
			name = InfoPlist.strings;
			sourceTree = "<group>";
		};
		54F2002F16D2E4B3001121DA /* MainStoryboard_iPhone.storyboard */ = {
			isa = PBXVariantGroup;
			children = (
				54F2003016D2E4B3001121DA /* en */,
			);
			name = MainStoryboard_iPhone.storyboard;
			sourceTree = "<group>";
		};
		54F2003216D2E4B3001121DA /* MainStoryboard_iPad.storyboard */ = {
			isa = PBXVariantGroup;
			children = (
				54F2003316D2E4B3001121DA /* en */,
			);
			name = MainStoryboard_iPad.storyboard;
			sourceTree = "<group>";
		};
/* End PBXVariantGroup section */

/* Begin XCBuildConfiguration section */
		54F2003816D2E4B3001121DA /* Debug */ = {
			isa = XCBuildConfiguration;
			buildSettings = {
				ALWAYS_SEARCH_USER_PATHS = NO;
				CLANG_CXX_LANGUAGE_STANDARD = "gnu++0x";
				CLANG_CXX_LIBRARY = "libc++";
				CLANG_ENABLE_OBJC_ARC = YES;
				CLANG_WARN_CONSTANT_CONVERSION = YES;
				CLANG_WARN_EMPTY_BODY = YES;
				CLANG_WARN_ENUM_CONVERSION = YES;
				CLANG_WARN_INT_CONVERSION = YES;
				CLANG_WARN__DUPLICATE_METHOD_MATCH = YES;
				"CODE_SIGN_IDENTITY[sdk=iphoneos*]" = "iPhone Developer";
				COPY_PHASE_STRIP = NO;
				GCC_C_LANGUAGE_STANDARD = gnu99;
				GCC_DYNAMIC_NO_PIC = NO;
				GCC_OPTIMIZATION_LEVEL = 0;
				GCC_PREPROCESSOR_DEFINITIONS = (
					"DEBUG=1",
					"$(inherited)",
				);
				GCC_SYMBOLS_PRIVATE_EXTERN = NO;
				GCC_WARN_ABOUT_RETURN_TYPE = YES;
				GCC_WARN_UNINITIALIZED_AUTOS = YES;
				GCC_WARN_UNUSED_VARIABLE = YES;
				IPHONEOS_DEPLOYMENT_TARGET = 6.1;
				ONLY_ACTIVE_ARCH = YES;
				SDKROOT = iphoneos;
				TARGETED_DEVICE_FAMILY = "1,2";
			};
			name = Debug;
		};
		54F2003916D2E4B3001121DA /* Release */ = {
			isa = XCBuildConfiguration;
			buildSettings = {
				ALWAYS_SEARCH_USER_PATHS = NO;
				CLANG_CXX_LANGUAGE_STANDARD = "gnu++0x";
				CLANG_CXX_LIBRARY = "libc++";
				CLANG_ENABLE_OBJC_ARC = YES;
				CLANG_WARN_CONSTANT_CONVERSION = YES;
				CLANG_WARN_EMPTY_BODY = YES;
				CLANG_WARN_ENUM_CONVERSION = YES;
				CLANG_WARN_INT_CONVERSION = YES;
				CLANG_WARN__DUPLICATE_METHOD_MATCH = YES;
				"CODE_SIGN_IDENTITY[sdk=iphoneos*]" = "iPhone Developer";
				COPY_PHASE_STRIP = YES;
				GCC_C_LANGUAGE_STANDARD = gnu99;
				GCC_WARN_ABOUT_RETURN_TYPE = YES;
				GCC_WARN_UNINITIALIZED_AUTOS = YES;
				GCC_WARN_UNUSED_VARIABLE = YES;
				IPHONEOS_DEPLOYMENT_TARGET = 6.1;
				OTHER_CFLAGS = "-DNS_BLOCK_ASSERTIONS=1";
				SDKROOT = iphoneos;
				TARGETED_DEVICE_FAMILY = "1,2";
				VALIDATE_PRODUCT = YES;
			};
			name = Release;
		};
		54F2003B16D2E4B3001121DA /* Debug */ = {
			isa = XCBuildConfiguration;
			buildSettings = {
				FRAMEWORK_SEARCH_PATHS = (
					"$(inherited)",
					"\"$(SRCROOT)/../../Downloads/dropbox-ios-sdk-1.3.3\"",
					"\"$(SRCROOT)/../../Downloads/dropbox-ios-sync-sdk-1.0.4\"",
				);
				GCC_PRECOMPILE_PREFIX_HEADER = YES;
				GCC_PREFIX_HEADER = "Weatherby/Weatherby-Prefix.pch";
				INFOPLIST_FILE = "Weatherby/Weatherby-Info.plist";
				PRODUCT_NAME = "$(TARGET_NAME)";
				WRAPPER_EXTENSION = app;
			};
			name = Debug;
		};
		54F2003C16D2E4B3001121DA /* Release */ = {
			isa = XCBuildConfiguration;
			buildSettings = {
				FRAMEWORK_SEARCH_PATHS = (
					"$(inherited)",
					"\"$(SRCROOT)/../../Downloads/dropbox-ios-sdk-1.3.3\"",
					"\"$(SRCROOT)/../../Downloads/dropbox-ios-sync-sdk-1.0.4\"",
				);
				GCC_PRECOMPILE_PREFIX_HEADER = YES;
				GCC_PREFIX_HEADER = "Weatherby/Weatherby-Prefix.pch";
				INFOPLIST_FILE = "Weatherby/Weatherby-Info.plist";
				PRODUCT_NAME = "$(TARGET_NAME)";
				WRAPPER_EXTENSION = app;
			};
			name = Release;
		};
/* End XCBuildConfiguration section */

/* Begin XCConfigurationList section */
		54F2000F16D2E4B3001121DA /* Build configuration list for PBXProject "Weatherby" */ = {
			isa = XCConfigurationList;
			buildConfigurations = (
				54F2003816D2E4B3001121DA /* Debug */,
				54F2003916D2E4B3001121DA /* Release */,
			);
			defaultConfigurationIsVisible = 0;
			defaultConfigurationName = Release;
		};
		54F2003A16D2E4B3001121DA /* Build configuration list for PBXNativeTarget "Weatherby" */ = {
			isa = XCConfigurationList;
			buildConfigurations = (
				54F2003B16D2E4B3001121DA /* Debug */,
				54F2003C16D2E4B3001121DA /* Release */,
			);
			defaultConfigurationIsVisible = 0;
			defaultConfigurationName = Release;
		};
/* End XCConfigurationList section */
	};
	rootObject = 54F2000C16D2E4B3001121DA /* Project object */;
}
