// !$*UTF8*$!
{
	archiveVersion = 1;
	classes = {
	};
	objectVersion = 46;
	objects = {

/* Begin PBXBuildFile section */
		4CF2A9FB16A4A6E700B91C54 /* UIKit.framework in Frameworks */ = {isa = PBXBuildFile; fileRef = 4CF2A9FA16A4A6E700B91C54 /* UIKit.framework */; };
		4CF2A9FD16A4A6E700B91C54 /* Foundation.framework in Frameworks */ = {isa = PBXBuildFile; fileRef = 4CF2A9FC16A4A6E700B91C54 /* Foundation.framework */; };
		4CF2A9FF16A4A6E700B91C54 /* CoreGraphics.framework in Frameworks */ = {isa = PBXBuildFile; fileRef = 4CF2A9FE16A4A6E700B91C54 /* CoreGraphics.framework */; };
		4CF2AA0516A4A6E700B91C54 /* InfoPlist.strings in Resources */ = {isa = PBXBuildFile; fileRef = 4CF2AA0316A4A6E700B91C54 /* InfoPlist.strings */; };
		4CF2AA0716A4A6E700B91C54 /* main.m in Sources */ = {isa = PBXBuildFile; fileRef = 4CF2AA0616A4A6E700B91C54 /* main.m */; };
		4CF2AA0B16A4A6E700B91C54 /* Parental_ControlAppDelegate.m in Sources */ = {isa = PBXBuildFile; fileRef = 4CF2AA0A16A4A6E700B91C54 /* Parental_ControlAppDelegate.m */; };
		4CF2AA0E16A4A6E700B91C54 /* MainWindow.xib in Resources */ = {isa = PBXBuildFile; fileRef = 4CF2AA0C16A4A6E700B91C54 /* MainWindow.xib */; };
		4CF2AA1116A4A6E700B91C54 /* Parental_ControlViewController.m in Sources */ = {isa = PBXBuildFile; fileRef = 4CF2AA1016A4A6E700B91C54 /* Parental_ControlViewController.m */; };
		4CF2AA1416A4A6E700B91C54 /* Parental_ControlViewController.xib in Resources */ = {isa = PBXBuildFile; fileRef = 4CF2AA1216A4A6E700B91C54 /* Parental_ControlViewController.xib */; };
		4CF2AA1C16A4A6E700B91C54 /* SenTestingKit.framework in Frameworks */ = {isa = PBXBuildFile; fileRef = 4CF2AA1B16A4A6E700B91C54 /* SenTestingKit.framework */; };
		4CF2AA1D16A4A6E700B91C54 /* UIKit.framework in Frameworks */ = {isa = PBXBuildFile; fileRef = 4CF2A9FA16A4A6E700B91C54 /* UIKit.framework */; };
		4CF2AA1E16A4A6E700B91C54 /* Foundation.framework in Frameworks */ = {isa = PBXBuildFile; fileRef = 4CF2A9FC16A4A6E700B91C54 /* Foundation.framework */; };
		4CF2AA1F16A4A6E700B91C54 /* CoreGraphics.framework in Frameworks */ = {isa = PBXBuildFile; fileRef = 4CF2A9FE16A4A6E700B91C54 /* CoreGraphics.framework */; };
		4CF2AA2716A4A6E700B91C54 /* InfoPlist.strings in Resources */ = {isa = PBXBuildFile; fileRef = 4CF2AA2516A4A6E700B91C54 /* InfoPlist.strings */; };
		4CF2AA2916A4A6E700B91C54 /* Parental_ControlTests.h in Resources */ = {isa = PBXBuildFile; fileRef = 4CF2AA2816A4A6E700B91C54 /* Parental_ControlTests.h */; };
		4CF2AA2B16A4A6E700B91C54 /* Parental_ControlTests.m in Sources */ = {isa = PBXBuildFile; fileRef = 4CF2AA2A16A4A6E700B91C54 /* Parental_ControlTests.m */; };
/* End PBXBuildFile section */

/* Begin PBXContainerItemProxy section */
		4CF2AA2016A4A6E700B91C54 /* PBXContainerItemProxy */ = {
			isa = PBXContainerItemProxy;
			containerPortal = 4CF2A9ED16A4A6E600B91C54 /* Project object */;
			proxyType = 1;
			remoteGlobalIDString = 4CF2A9F516A4A6E700B91C54;
			remoteInfo = "Parental Control";
		};
/* End PBXContainerItemProxy section */

/* Begin PBXFileReference section */
		4CF2A9F616A4A6E700B91C54 /* Parental Control.app */ = {isa = PBXFileReference; explicitFileType = wrapper.application; includeInIndex = 0; path = "Parental Control.app"; sourceTree = BUILT_PRODUCTS_DIR; };
		4CF2A9FA16A4A6E700B91C54 /* UIKit.framework */ = {isa = PBXFileReference; lastKnownFileType = wrapper.framework; name = UIKit.framework; path = System/Library/Frameworks/UIKit.framework; sourceTree = SDKROOT; };
		4CF2A9FC16A4A6E700B91C54 /* Foundation.framework */ = {isa = PBXFileReference; lastKnownFileType = wrapper.framework; name = Foundation.framework; path = System/Library/Frameworks/Foundation.framework; sourceTree = SDKROOT; };
		4CF2A9FE16A4A6E700B91C54 /* CoreGraphics.framework */ = {isa = PBXFileReference; lastKnownFileType = wrapper.framework; name = CoreGraphics.framework; path = System/Library/Frameworks/CoreGraphics.framework; sourceTree = SDKROOT; };
		4CF2AA0216A4A6E700B91C54 /* Parental Control-Info.plist */ = {isa = PBXFileReference; lastKnownFileType = text.plist.xml; path = "Parental Control-Info.plist"; sourceTree = "<group>"; };
		4CF2AA0416A4A6E700B91C54 /* en */ = {isa = PBXFileReference; lastKnownFileType = text.plist.strings; name = en; path = en.lproj/InfoPlist.strings; sourceTree = "<group>"; };
		4CF2AA0616A4A6E700B91C54 /* main.m */ = {isa = PBXFileReference; lastKnownFileType = sourcecode.c.objc; path = main.m; sourceTree = "<group>"; };
		4CF2AA0816A4A6E700B91C54 /* Parental Control-Prefix.pch */ = {isa = PBXFileReference; lastKnownFileType = sourcecode.c.h; path = "Parental Control-Prefix.pch"; sourceTree = "<group>"; };
		4CF2AA0916A4A6E700B91C54 /* Parental_ControlAppDelegate.h */ = {isa = PBXFileReference; lastKnownFileType = sourcecode.c.h; path = Parental_ControlAppDelegate.h; sourceTree = "<group>"; };
		4CF2AA0A16A4A6E700B91C54 /* Parental_ControlAppDelegate.m */ = {isa = PBXFileReference; lastKnownFileType = sourcecode.c.objc; path = Parental_ControlAppDelegate.m; sourceTree = "<group>"; };
		4CF2AA0D16A4A6E700B91C54 /* en */ = {isa = PBXFileReference; lastKnownFileType = file.xib; name = en; path = en.lproj/MainWindow.xib; sourceTree = "<group>"; };
		4CF2AA0F16A4A6E700B91C54 /* Parental_ControlViewController.h */ = {isa = PBXFileReference; lastKnownFileType = sourcecode.c.h; path = Parental_ControlViewController.h; sourceTree = "<group>"; };
		4CF2AA1016A4A6E700B91C54 /* Parental_ControlViewController.m */ = {isa = PBXFileReference; lastKnownFileType = sourcecode.c.objc; path = Parental_ControlViewController.m; sourceTree = "<group>"; };
		4CF2AA1316A4A6E700B91C54 /* en */ = {isa = PBXFileReference; lastKnownFileType = file.xib; name = en; path = en.lproj/Parental_ControlViewController.xib; sourceTree = "<group>"; };
		4CF2AA1A16A4A6E700B91C54 /* Parental ControlTests.octest */ = {isa = PBXFileReference; explicitFileType = wrapper.cfbundle; includeInIndex = 0; path = "Parental ControlTests.octest"; sourceTree = BUILT_PRODUCTS_DIR; };
		4CF2AA1B16A4A6E700B91C54 /* SenTestingKit.framework */ = {isa = PBXFileReference; lastKnownFileType = wrapper.framework; name = SenTestingKit.framework; path = Library/Frameworks/SenTestingKit.framework; sourceTree = DEVELOPER_DIR; };
		4CF2AA2416A4A6E700B91C54 /* Parental ControlTests-Info.plist */ = {isa = PBXFileReference; lastKnownFileType = text.plist.xml; path = "Parental ControlTests-Info.plist"; sourceTree = "<group>"; };
		4CF2AA2616A4A6E700B91C54 /* en */ = {isa = PBXFileReference; lastKnownFileType = text.plist.strings; name = en; path = en.lproj/InfoPlist.strings; sourceTree = "<group>"; };
		4CF2AA2816A4A6E700B91C54 /* Parental_ControlTests.h */ = {isa = PBXFileReference; lastKnownFileType = sourcecode.c.h; path = Parental_ControlTests.h; sourceTree = "<group>"; };
		4CF2AA2A16A4A6E700B91C54 /* Parental_ControlTests.m */ = {isa = PBXFileReference; lastKnownFileType = sourcecode.c.objc; path = Parental_ControlTests.m; sourceTree = "<group>"; };
/* End PBXFileReference section */

/* Begin PBXFrameworksBuildPhase section */
		4CF2A9F316A4A6E700B91C54 /* Frameworks */ = {
			isa = PBXFrameworksBuildPhase;
			buildActionMask = 2147483647;
			files = (
				4CF2A9FB16A4A6E700B91C54 /* UIKit.framework in Frameworks */,
				4CF2A9FD16A4A6E700B91C54 /* Foundation.framework in Frameworks */,
				4CF2A9FF16A4A6E700B91C54 /* CoreGraphics.framework in Frameworks */,
			);
			runOnlyForDeploymentPostprocessing = 0;
		};
		4CF2AA1616A4A6E700B91C54 /* Frameworks */ = {
			isa = PBXFrameworksBuildPhase;
			buildActionMask = 2147483647;
			files = (
				4CF2AA1C16A4A6E700B91C54 /* SenTestingKit.framework in Frameworks */,
				4CF2AA1D16A4A6E700B91C54 /* UIKit.framework in Frameworks */,
				4CF2AA1E16A4A6E700B91C54 /* Foundation.framework in Frameworks */,
				4CF2AA1F16A4A6E700B91C54 /* CoreGraphics.framework in Frameworks */,
			);
			runOnlyForDeploymentPostprocessing = 0;
		};
/* End PBXFrameworksBuildPhase section */

/* Begin PBXGroup section */
		4CF2A9EB16A4A6E600B91C54 = {
			isa = PBXGroup;
			children = (
				4CF2AA0016A4A6E700B91C54 /* Parental Control */,
				4CF2AA2216A4A6E700B91C54 /* Parental ControlTests */,
				4CF2A9F916A4A6E700B91C54 /* Frameworks */,
				4CF2A9F716A4A6E700B91C54 /* Products */,
			);
			sourceTree = "<group>";
		};
		4CF2A9F716A4A6E700B91C54 /* Products */ = {
			isa = PBXGroup;
			children = (
				4CF2A9F616A4A6E700B91C54 /* Parental Control.app */,
				4CF2AA1A16A4A6E700B91C54 /* Parental ControlTests.octest */,
			);
			name = Products;
			sourceTree = "<group>";
		};
		4CF2A9F916A4A6E700B91C54 /* Frameworks */ = {
			isa = PBXGroup;
			children = (
				4CF2A9FA16A4A6E700B91C54 /* UIKit.framework */,
				4CF2A9FC16A4A6E700B91C54 /* Foundation.framework */,
				4CF2A9FE16A4A6E700B91C54 /* CoreGraphics.framework */,
				4CF2AA1B16A4A6E700B91C54 /* SenTestingKit.framework */,
			);
			name = Frameworks;
			sourceTree = "<group>";
		};
		4CF2AA0016A4A6E700B91C54 /* Parental Control */ = {
			isa = PBXGroup;
			children = (
				4CF2AA0916A4A6E700B91C54 /* Parental_ControlAppDelegate.h */,
				4CF2AA0A16A4A6E700B91C54 /* Parental_ControlAppDelegate.m */,
				4CF2AA0C16A4A6E700B91C54 /* MainWindow.xib */,
				4CF2AA0F16A4A6E700B91C54 /* Parental_ControlViewController.h */,
				4CF2AA1016A4A6E700B91C54 /* Parental_ControlViewController.m */,
				4CF2AA1216A4A6E700B91C54 /* Parental_ControlViewController.xib */,
				4CF2AA0116A4A6E700B91C54 /* Supporting Files */,
			);
			path = "Parental Control";
			sourceTree = "<group>";
		};
		4CF2AA0116A4A6E700B91C54 /* Supporting Files */ = {
			isa = PBXGroup;
			children = (
				4CF2AA0216A4A6E700B91C54 /* Parental Control-Info.plist */,
				4CF2AA0316A4A6E700B91C54 /* InfoPlist.strings */,
				4CF2AA0616A4A6E700B91C54 /* main.m */,
				4CF2AA0816A4A6E700B91C54 /* Parental Control-Prefix.pch */,
			);
			name = "Supporting Files";
			sourceTree = "<group>";
		};
		4CF2AA2216A4A6E700B91C54 /* Parental ControlTests */ = {
			isa = PBXGroup;
			children = (
				4CF2AA2816A4A6E700B91C54 /* Parental_ControlTests.h */,
				4CF2AA2A16A4A6E700B91C54 /* Parental_ControlTests.m */,
				4CF2AA2316A4A6E700B91C54 /* Supporting Files */,
			);
			path = "Parental ControlTests";
			sourceTree = "<group>";
		};
		4CF2AA2316A4A6E700B91C54 /* Supporting Files */ = {
			isa = PBXGroup;
			children = (
				4CF2AA2416A4A6E700B91C54 /* Parental ControlTests-Info.plist */,
				4CF2AA2516A4A6E700B91C54 /* InfoPlist.strings */,
			);
			name = "Supporting Files";
			sourceTree = "<group>";
		};
/* End PBXGroup section */

/* Begin PBXNativeTarget section */
		4CF2A9F516A4A6E700B91C54 /* Parental Control */ = {
			isa = PBXNativeTarget;
			buildConfigurationList = 4CF2AA2E16A4A6E700B91C54 /* Build configuration list for PBXNativeTarget "Parental Control" */;
			buildPhases = (
				4CF2A9F216A4A6E700B91C54 /* Sources */,
				4CF2A9F316A4A6E700B91C54 /* Frameworks */,
				4CF2A9F416A4A6E700B91C54 /* Resources */,
			);
			buildRules = (
			);
			dependencies = (
			);
			name = "Parental Control";
			productName = "Parental Control";
			productReference = 4CF2A9F616A4A6E700B91C54 /* Parental Control.app */;
			productType = "com.apple.product-type.application";
		};
		4CF2AA1916A4A6E700B91C54 /* Parental ControlTests */ = {
			isa = PBXNativeTarget;
			buildConfigurationList = 4CF2AA3116A4A6E700B91C54 /* Build configuration list for PBXNativeTarget "Parental ControlTests" */;
			buildPhases = (
				4CF2AA1516A4A6E700B91C54 /* Sources */,
				4CF2AA1616A4A6E700B91C54 /* Frameworks */,
				4CF2AA1716A4A6E700B91C54 /* Resources */,
				4CF2AA1816A4A6E700B91C54 /* ShellScript */,
			);
			buildRules = (
			);
			dependencies = (
				4CF2AA2116A4A6E700B91C54 /* PBXTargetDependency */,
			);
			name = "Parental ControlTests";
			productName = "Parental ControlTests";
			productReference = 4CF2AA1A16A4A6E700B91C54 /* Parental ControlTests.octest */;
			productType = "com.apple.product-type.bundle";
		};
/* End PBXNativeTarget section */

/* Begin PBXProject section */
		4CF2A9ED16A4A6E600B91C54 /* Project object */ = {
			isa = PBXProject;
			buildConfigurationList = 4CF2A9F016A4A6E600B91C54 /* Build configuration list for PBXProject "Parental Control" */;
			compatibilityVersion = "Xcode 3.2";
			hasScannedForEncodings = 0;
			knownRegions = (
				en,
			);
			mainGroup = 4CF2A9EB16A4A6E600B91C54;
			productRefGroup = 4CF2A9F716A4A6E700B91C54 /* Products */;
			projectDirPath = "";
			projectRoot = "";
			targets = (
				4CF2A9F516A4A6E700B91C54 /* Parental Control */,
				4CF2AA1916A4A6E700B91C54 /* Parental ControlTests */,
			);
		};
/* End PBXProject section */

/* Begin PBXResourcesBuildPhase section */
		4CF2A9F416A4A6E700B91C54 /* Resources */ = {
			isa = PBXResourcesBuildPhase;
			buildActionMask = 2147483647;
			files = (
				4CF2AA0516A4A6E700B91C54 /* InfoPlist.strings in Resources */,
				4CF2AA0E16A4A6E700B91C54 /* MainWindow.xib in Resources */,
				4CF2AA1416A4A6E700B91C54 /* Parental_ControlViewController.xib in Resources */,
			);
			runOnlyForDeploymentPostprocessing = 0;
		};
		4CF2AA1716A4A6E700B91C54 /* Resources */ = {
			isa = PBXResourcesBuildPhase;
			buildActionMask = 2147483647;
			files = (
				4CF2AA2716A4A6E700B91C54 /* InfoPlist.strings in Resources */,
				4CF2AA2916A4A6E700B91C54 /* Parental_ControlTests.h in Resources */,
			);
			runOnlyForDeploymentPostprocessing = 0;
		};
/* End PBXResourcesBuildPhase section */

/* Begin PBXShellScriptBuildPhase section */
		4CF2AA1816A4A6E700B91C54 /* ShellScript */ = {
			isa = PBXShellScriptBuildPhase;
			buildActionMask = 2147483647;
			files = (
			);
			inputPaths = (
			);
			outputPaths = (
			);
			runOnlyForDeploymentPostprocessing = 0;
			shellPath = /bin/sh;
			shellScript = "# Run the unit tests in this test bundle.\n\"${SYSTEM_DEVELOPER_DIR}/Tools/RunUnitTests\"\n";
		};
/* End PBXShellScriptBuildPhase section */

/* Begin PBXSourcesBuildPhase section */
		4CF2A9F216A4A6E700B91C54 /* Sources */ = {
			isa = PBXSourcesBuildPhase;
			buildActionMask = 2147483647;
			files = (
				4CF2AA0716A4A6E700B91C54 /* main.m in Sources */,
				4CF2AA0B16A4A6E700B91C54 /* Parental_ControlAppDelegate.m in Sources */,
				4CF2AA1116A4A6E700B91C54 /* Parental_ControlViewController.m in Sources */,
			);
			runOnlyForDeploymentPostprocessing = 0;
		};
		4CF2AA1516A4A6E700B91C54 /* Sources */ = {
			isa = PBXSourcesBuildPhase;
			buildActionMask = 2147483647;
			files = (
				4CF2AA2B16A4A6E700B91C54 /* Parental_ControlTests.m in Sources */,
			);
			runOnlyForDeploymentPostprocessing = 0;
		};
/* End PBXSourcesBuildPhase section */

/* Begin PBXTargetDependency section */
		4CF2AA2116A4A6E700B91C54 /* PBXTargetDependency */ = {
			isa = PBXTargetDependency;
			target = 4CF2A9F516A4A6E700B91C54 /* Parental Control */;
			targetProxy = 4CF2AA2016A4A6E700B91C54 /* PBXContainerItemProxy */;
		};
/* End PBXTargetDependency section */

/* Begin PBXVariantGroup section */
		4CF2AA0316A4A6E700B91C54 /* InfoPlist.strings */ = {
			isa = PBXVariantGroup;
			children = (
				4CF2AA0416A4A6E700B91C54 /* en */,
			);
			name = InfoPlist.strings;
			sourceTree = "<group>";
		};
		4CF2AA0C16A4A6E700B91C54 /* MainWindow.xib */ = {
			isa = PBXVariantGroup;
			children = (
				4CF2AA0D16A4A6E700B91C54 /* en */,
			);
			name = MainWindow.xib;
			sourceTree = "<group>";
		};
		4CF2AA1216A4A6E700B91C54 /* Parental_ControlViewController.xib */ = {
			isa = PBXVariantGroup;
			children = (
				4CF2AA1316A4A6E700B91C54 /* en */,
			);
			name = Parental_ControlViewController.xib;
			sourceTree = "<group>";
		};
		4CF2AA2516A4A6E700B91C54 /* InfoPlist.strings */ = {
			isa = PBXVariantGroup;
			children = (
				4CF2AA2616A4A6E700B91C54 /* en */,
			);
			name = InfoPlist.strings;
			sourceTree = "<group>";
		};
/* End PBXVariantGroup section */

/* Begin XCBuildConfiguration section */
		4CF2AA2C16A4A6E700B91C54 /* Debug */ = {
			isa = XCBuildConfiguration;
			buildSettings = {
				ALWAYS_SEARCH_USER_PATHS = NO;
				ARCHS = "$(ARCHS_STANDARD_32_BIT)";
				"CODE_SIGN_IDENTITY[sdk=iphoneos*]" = "iPhone Developer";
				COPY_PHASE_STRIP = NO;
				GCC_C_LANGUAGE_STANDARD = gnu99;
				GCC_DYNAMIC_NO_PIC = NO;
				GCC_OPTIMIZATION_LEVEL = 0;
				GCC_PREPROCESSOR_DEFINITIONS = (
					"DEBUG=1",
					"$(inherited)",
				);
				GCC_SYMBOLS_PRIVATE_EXTERN = NO;
				GCC_VERSION = com.apple.compilers.llvmgcc42;
				GCC_WARN_ABOUT_MISSING_PROTOTYPES = YES;
				GCC_WARN_ABOUT_RETURN_TYPE = YES;
				GCC_WARN_UNUSED_VARIABLE = YES;
				IPHONEOS_DEPLOYMENT_TARGET = 4.3;
				SDKROOT = iphoneos;
			};
			name = Debug;
		};
		4CF2AA2D16A4A6E700B91C54 /* Release */ = {
			isa = XCBuildConfiguration;
			buildSettings = {
				ALWAYS_SEARCH_USER_PATHS = NO;
				ARCHS = "$(ARCHS_STANDARD_32_BIT)";
				"CODE_SIGN_IDENTITY[sdk=iphoneos*]" = "iPhone Developer";
				COPY_PHASE_STRIP = YES;
				GCC_C_LANGUAGE_STANDARD = gnu99;
				GCC_VERSION = com.apple.compilers.llvmgcc42;
				GCC_WARN_ABOUT_MISSING_PROTOTYPES = YES;
				GCC_WARN_ABOUT_RETURN_TYPE = YES;
				GCC_WARN_UNUSED_VARIABLE = YES;
				IPHONEOS_DEPLOYMENT_TARGET = 4.3;
				OTHER_CFLAGS = "-DNS_BLOCK_ASSERTIONS=1";
				SDKROOT = iphoneos;
				VALIDATE_PRODUCT = YES;
			};
			name = Release;
		};
		4CF2AA2F16A4A6E700B91C54 /* Debug */ = {
			isa = XCBuildConfiguration;
			buildSettings = {
				GCC_PRECOMPILE_PREFIX_HEADER = YES;
				GCC_PREFIX_HEADER = "Parental Control/Parental Control-Prefix.pch";
				INFOPLIST_FILE = "Parental Control/Parental Control-Info.plist";
				PRODUCT_NAME = "$(TARGET_NAME)";
				WRAPPER_EXTENSION = app;
			};
			name = Debug;
		};
		4CF2AA3016A4A6E700B91C54 /* Release */ = {
			isa = XCBuildConfiguration;
			buildSettings = {
				GCC_PRECOMPILE_PREFIX_HEADER = YES;
				GCC_PREFIX_HEADER = "Parental Control/Parental Control-Prefix.pch";
				INFOPLIST_FILE = "Parental Control/Parental Control-Info.plist";
				PRODUCT_NAME = "$(TARGET_NAME)";
				WRAPPER_EXTENSION = app;
			};
			name = Release;
		};
		4CF2AA3216A4A6E700B91C54 /* Debug */ = {
			isa = XCBuildConfiguration;
			buildSettings = {
				BUNDLE_LOADER = "$(BUILT_PRODUCTS_DIR)/Parental Control.app/Parental Control";
				FRAMEWORK_SEARCH_PATHS = (
					"$(SDKROOT)/Developer/Library/Frameworks",
					"$(DEVELOPER_LIBRARY_DIR)/Frameworks",
				);
				GCC_PRECOMPILE_PREFIX_HEADER = YES;
				GCC_PREFIX_HEADER = "Parental Control/Parental Control-Prefix.pch";
				INFOPLIST_FILE = "Parental ControlTests/Parental ControlTests-Info.plist";
				PRODUCT_NAME = "$(TARGET_NAME)";
				TEST_HOST = "$(BUNDLE_LOADER)";
				WRAPPER_EXTENSION = octest;
			};
			name = Debug;
		};
		4CF2AA3316A4A6E700B91C54 /* Release */ = {
			isa = XCBuildConfiguration;
			buildSettings = {
				BUNDLE_LOADER = "$(BUILT_PRODUCTS_DIR)/Parental Control.app/Parental Control";
				FRAMEWORK_SEARCH_PATHS = (
					"$(SDKROOT)/Developer/Library/Frameworks",
					"$(DEVELOPER_LIBRARY_DIR)/Frameworks",
				);
				GCC_PRECOMPILE_PREFIX_HEADER = YES;
				GCC_PREFIX_HEADER = "Parental Control/Parental Control-Prefix.pch";
				INFOPLIST_FILE = "Parental ControlTests/Parental ControlTests-Info.plist";
				PRODUCT_NAME = "$(TARGET_NAME)";
				TEST_HOST = "$(BUNDLE_LOADER)";
				WRAPPER_EXTENSION = octest;
			};
			name = Release;
		};
/* End XCBuildConfiguration section */

/* Begin XCConfigurationList section */
		4CF2A9F016A4A6E600B91C54 /* Build configuration list for PBXProject "Parental Control" */ = {
			isa = XCConfigurationList;
			buildConfigurations = (
				4CF2AA2C16A4A6E700B91C54 /* Debug */,
				4CF2AA2D16A4A6E700B91C54 /* Release */,
			);
			defaultConfigurationIsVisible = 0;
			defaultConfigurationName = Release;
		};
		4CF2AA2E16A4A6E700B91C54 /* Build configuration list for PBXNativeTarget "Parental Control" */ = {
			isa = XCConfigurationList;
			buildConfigurations = (
				4CF2AA2F16A4A6E700B91C54 /* Debug */,
				4CF2AA3016A4A6E700B91C54 /* Release */,
			);
			defaultConfigurationIsVisible = 0;
			defaultConfigurationName = Release;
		};
		4CF2AA3116A4A6E700B91C54 /* Build configuration list for PBXNativeTarget "Parental ControlTests" */ = {
			isa = XCConfigurationList;
			buildConfigurations = (
				4CF2AA3216A4A6E700B91C54 /* Debug */,
				4CF2AA3316A4A6E700B91C54 /* Release */,
			);
			defaultConfigurationIsVisible = 0;
			defaultConfigurationName = Release;
		};
/* End XCConfigurationList section */
	};
	rootObject = 4CF2A9ED16A4A6E600B91C54 /* Project object */;
}
